// !$*UTF8*$!
{
	archiveVersion = 1;
	classes = {
	};
	objectVersion = 50;
	objects = {

/* Begin PBXBuildFile section */
		9A90718423FC1C5D0078BD62 /* AppDelegate.swift in Sources */ = {isa = PBXBuildFile; fileRef = 9A90718323FC1C5D0078BD62 /* AppDelegate.swift */; };
		9A90718623FC1C5D0078BD62 /* SceneDelegate.swift in Sources */ = {isa = PBXBuildFile; fileRef = 9A90718523FC1C5D0078BD62 /* SceneDelegate.swift */; };
		9A90718823FC1C5D0078BD62 /* ViewController.swift in Sources */ = {isa = PBXBuildFile; fileRef = 9A90718723FC1C5D0078BD62 /* ViewController.swift */; };
		9A90718B23FC1C5D0078BD62 /* Main.storyboard in Resources */ = {isa = PBXBuildFile; fileRef = 9A90718923FC1C5D0078BD62 /* Main.storyboard */; };
		9A90718D23FC1C5E0078BD62 /* Assets.xcassets in Resources */ = {isa = PBXBuildFile; fileRef = 9A90718C23FC1C5E0078BD62 /* Assets.xcassets */; };
		9A90719023FC1C5E0078BD62 /* LaunchScreen.storyboard in Resources */ = {isa = PBXBuildFile; fileRef = 9A90718E23FC1C5E0078BD62 /* LaunchScreen.storyboard */; };
		F478BAF62403CEED00218113 /* City.swift in Sources */ = {isa = PBXBuildFile; fileRef = F478BAF52403CEED00218113 /* City.swift */; };
		F4E4D3C7240583570043ACB5 /* WeatherJsonResponseDecodable.swift in Sources */ = {isa = PBXBuildFile; fileRef = F4E4D3C6240583570043ACB5 /* WeatherJsonResponseDecodable.swift */; };
/* End PBXBuildFile section */

/* Begin PBXFileReference section */
		9A90718023FC1C5D0078BD62 /* weatherForRonasIT.app */ = {isa = PBXFileReference; explicitFileType = wrapper.application; includeInIndex = 0; path = weatherForRonasIT.app; sourceTree = BUILT_PRODUCTS_DIR; };
		9A90718323FC1C5D0078BD62 /* AppDelegate.swift */ = {isa = PBXFileReference; lastKnownFileType = sourcecode.swift; path = AppDelegate.swift; sourceTree = "<group>"; };
		9A90718523FC1C5D0078BD62 /* SceneDelegate.swift */ = {isa = PBXFileReference; lastKnownFileType = sourcecode.swift; path = SceneDelegate.swift; sourceTree = "<group>"; };
		9A90718723FC1C5D0078BD62 /* ViewController.swift */ = {isa = PBXFileReference; lastKnownFileType = sourcecode.swift; path = ViewController.swift; sourceTree = "<group>"; };
		9A90718A23FC1C5D0078BD62 /* Base */ = {isa = PBXFileReference; lastKnownFileType = file.storyboard; name = Base; path = Base.lproj/Main.storyboard; sourceTree = "<group>"; };
		9A90718C23FC1C5E0078BD62 /* Assets.xcassets */ = {isa = PBXFileReference; lastKnownFileType = folder.assetcatalog; path = Assets.xcassets; sourceTree = "<group>"; };
		9A90718F23FC1C5E0078BD62 /* Base */ = {isa = PBXFileReference; lastKnownFileType = file.storyboard; name = Base; path = Base.lproj/LaunchScreen.storyboard; sourceTree = "<group>"; };
		9A90719123FC1C5E0078BD62 /* Info.plist */ = {isa = PBXFileReference; lastKnownFileType = text.plist.xml; path = Info.plist; sourceTree = "<group>"; };
		F478BAF52403CEED00218113 /* City.swift */ = {isa = PBXFileReference; lastKnownFileType = sourcecode.swift; path = City.swift; sourceTree = "<group>"; };
		F4E4D3C6240583570043ACB5 /* WeatherJsonResponseDecodable.swift */ = {isa = PBXFileReference; lastKnownFileType = sourcecode.swift; path = WeatherJsonResponseDecodable.swift; sourceTree = "<group>"; };
/* End PBXFileReference section */

/* Begin PBXFrameworksBuildPhase section */
		9A90717D23FC1C5D0078BD62 /* Frameworks */ = {
			isa = PBXFrameworksBuildPhase;
			buildActionMask = 2147483647;
			files = (
			);
			runOnlyForDeploymentPostprocessing = 0;
		};
/* End PBXFrameworksBuildPhase section */

/* Begin PBXGroup section */
		9A90717723FC1C5D0078BD62 = {
			isa = PBXGroup;
			children = (
				9A90718223FC1C5D0078BD62 /* weatherForRonasIT */,
				9A90718123FC1C5D0078BD62 /* Products */,
			);
			sourceTree = "<group>";
		};
		9A90718123FC1C5D0078BD62 /* Products */ = {
			isa = PBXGroup;
			children = (
				9A90718023FC1C5D0078BD62 /* weatherForRonasIT.app */,
			);
			name = Products;
			sourceTree = "<group>";
		};
		9A90718223FC1C5D0078BD62 /* weatherForRonasIT */ = {
			isa = PBXGroup;
			children = (
				9A90718323FC1C5D0078BD62 /* AppDelegate.swift */,
				9A90718523FC1C5D0078BD62 /* SceneDelegate.swift */,
				F478BAF52403CEED00218113 /* City.swift */,
				9A90718723FC1C5D0078BD62 /* ViewController.swift */,
				F4E4D3C6240583570043ACB5 /* WeatherJsonResponseDecodable.swift */,
				9A90718923FC1C5D0078BD62 /* Main.storyboard */,
				9A90718C23FC1C5E0078BD62 /* Assets.xcassets */,
				9A90718E23FC1C5E0078BD62 /* LaunchScreen.storyboard */,
				9A90719123FC1C5E0078BD62 /* Info.plist */,
			);
			path = weatherForRonasIT;
			sourceTree = "<group>";
		};
/* End PBXGroup section */

/* Begin PBXNativeTarget section */
		9A90717F23FC1C5D0078BD62 /* weatherForRonasIT */ = {
			isa = PBXNativeTarget;
			buildConfigurationList = 9A90719423FC1C5E0078BD62 /* Build configuration list for PBXNativeTarget "weatherForRonasIT" */;
			buildPhases = (
				9A90717C23FC1C5D0078BD62 /* Sources */,
				9A90717D23FC1C5D0078BD62 /* Frameworks */,
				9A90717E23FC1C5D0078BD62 /* Resources */,
			);
			buildRules = (
			);
			dependencies = (
			);
			name = weatherForRonasIT;
			productName = weatherForRonasIT;
			productReference = 9A90718023FC1C5D0078BD62 /* weatherForRonasIT.app */;
			productType = "com.apple.product-type.application";
		};
/* End PBXNativeTarget section */

/* Begin PBXProject section */
		9A90717823FC1C5D0078BD62 /* Project object */ = {
			isa = PBXProject;
			attributes = {
				LastSwiftUpdateCheck = 1130;
				LastUpgradeCheck = 1130;
				ORGANIZATIONNAME = veniaminCompany;
				TargetAttributes = {
					9A90717F23FC1C5D0078BD62 = {
						CreatedOnToolsVersion = 11.3;
					};
				};
			};
			buildConfigurationList = 9A90717B23FC1C5D0078BD62 /* Build configuration list for PBXProject "weatherForRonasIT" */;
			compatibilityVersion = "Xcode 9.3";
			developmentRegion = en;
			hasScannedForEncodings = 0;
			knownRegions = (
				en,
				Base,
			);
			mainGroup = 9A90717723FC1C5D0078BD62;
			productRefGroup = 9A90718123FC1C5D0078BD62 /* Products */;
			projectDirPath = "";
			projectRoot = "";
			targets = (
				9A90717F23FC1C5D0078BD62 /* weatherForRonasIT */,
			);
		};
/* End PBXProject section */

/* Begin PBXResourcesBuildPhase section */
		9A90717E23FC1C5D0078BD62 /* Resources */ = {
			isa = PBXResourcesBuildPhase;
			buildActionMask = 2147483647;
			files = (
				9A90719023FC1C5E0078BD62 /* LaunchScreen.storyboard in Resources */,
				9A90718D23FC1C5E0078BD62 /* Assets.xcassets in Resources */,
				9A90718B23FC1C5D0078BD62 /* Main.storyboard in Resources */,
			);
			runOnlyForDeploymentPostprocessing = 0;
		};
/* End PBXResourcesBuildPhase section */

/* Begin PBXSourcesBuildPhase section */
		9A90717C23FC1C5D0078BD62 /* Sources */ = {
			isa = PBXSourcesBuildPhase;
			buildActionMask = 2147483647;
			files = (
				9A90718823FC1C5D0078BD62 /* ViewController.swift in Sources */,
				9A90718423FC1C5D0078BD62 /* AppDelegate.swift in Sources */,
				F478BAF62403CEED00218113 /* City.swift in Sources */,
				F4E4D3C7240583570043ACB5 /* WeatherJsonResponseDecodable.swift in Sources */,
				9A90718623FC1C5D0078BD62 /* SceneDelegate.swift in Sources */,
			);
			runOnlyForDeploymentPostprocessing = 0;
		};
/* End PBXSourcesBuildPhase section */

/* Begin PBXVariantGroup section */
		9A90718923FC1C5D0078BD62 /* Main.storyboard */ = {
			isa = PBXVariantGroup;
			children = (
				9A90718A23FC1C5D0078BD62 /* Base */,
			);
			name = Main.storyboard;
			sourceTree = "<group>";
		};
		9A90718E23FC1C5E0078BD62 /* LaunchScreen.storyboard */ = {
			isa = PBXVariantGroup;
			children = (
				9A90718F23FC1C5E0078BD62 /* Base */,
			);
			name = LaunchScreen.storyboard;
			sourceTree = "<group>";
		};
/* End PBXVariantGroup section */

/* Begin XCBuildConfiguration section */
		9A90719223FC1C5E0078BD62 /* Debug */ = {
			isa = XCBuildConfiguration;
			buildSettings = {
				ALWAYS_SEARCH_USER_PATHS = NO;
				CLANG_ANALYZER_NONNULL = YES;
				CLANG_ANALYZER_NUMBER_OBJECT_CONVERSION = YES_AGGRESSIVE;
				CLANG_CXX_LANGUAGE_STANDARD = "gnu++14";
				CLANG_CXX_LIBRARY = "libc++";
				CLANG_ENABLE_MODULES = YES;
				CLANG_ENABLE_OBJC_ARC = YES;
				CLANG_ENABLE_OBJC_WEAK = YES;
				CLANG_WARN_BLOCK_CAPTURE_AUTORELEASING = YES;
				CLANG_WARN_BOOL_CONVERSION = YES;
				CLANG_WARN_COMMA = YES;
				CLANG_WARN_CONSTANT_CONVERSION = YES;
				CLANG_WARN_DEPRECATED_OBJC_IMPLEMENTATIONS = YES;
				CLANG_WARN_DIRECT_OBJC_ISA_USAGE = YES_ERROR;
				CLANG_WARN_DOCUMENTATION_COMMENTS = YES;
				CLANG_WARN_EMPTY_BODY = YES;
				CLANG_WARN_ENUM_CONVERSION = YES;
				CLANG_WARN_INFINITE_RECURSION = YES;
				CLANG_WARN_INT_CONVERSION = YES;
				CLANG_WARN_NON_LITERAL_NULL_CONVERSION = YES;
				CLANG_WARN_OBJC_IMPLICIT_RETAIN_SELF = YES;
				CLANG_WARN_OBJC_LITERAL_CONVERSION = YES;
				CLANG_WARN_OBJC_ROOT_CLASS = YES_ERROR;
				CLANG_WARN_RANGE_LOOP_ANALYSIS = YES;
				CLANG_WARN_STRICT_PROTOTYPES = YES;
				CLANG_WARN_SUSPICIOUS_MOVE = YES;
				CLANG_WARN_UNGUARDED_AVAILABILITY = YES_AGGRESSIVE;
				CLANG_WARN_UNREACHABLE_CODE = YES;
				CLANG_WARN__DUPLICATE_METHOD_MATCH = YES;
				COPY_PHASE_STRIP = NO;
				DEBUG_INFORMATION_FORMAT = dwarf;
				ENABLE_STRICT_OBJC_MSGSEND = YES;
				ENABLE_TESTABILITY = YES;
				GCC_C_LANGUAGE_STANDARD = gnu11;
				GCC_DYNAMIC_NO_PIC = NO;
				GCC_NO_COMMON_BLOCKS = YES;
				GCC_OPTIMIZATION_LEVEL = 0;
				GCC_PREPROCESSOR_DEFINITIONS = (
					"DEBUG=1",
					"$(inherited)",
				);
				GCC_WARN_64_TO_32_BIT_CONVERSION = YES;
				GCC_WARN_ABOUT_RETURN_TYPE = YES_ERROR;
				GCC_WARN_UNDECLARED_SELECTOR = YES;
				GCC_WARN_UNINITIALIZED_AUTOS = YES_AGGRESSIVE;
				GCC_WARN_UNUSED_FUNCTION = YES;
				GCC_WARN_UNUSED_VARIABLE = YES;
				IPHONEOS_DEPLOYMENT_TARGET = 12.0;
				MTL_ENABLE_DEBUG_INFO = INCLUDE_SOURCE;
				MTL_FAST_MATH = YES;
				ONLY_ACTIVE_ARCH = YES;
				SDKROOT = iphoneos;
				SWIFT_ACTIVE_COMPILATION_CONDITIONS = DEBUG;
				SWIFT_OPTIMIZATION_LEVEL = "-Onone";
			};
			name = Debug;
		};
		9A90719323FC1C5E0078BD62 /* Release */ = {
			isa = XCBuildConfiguration;
			buildSettings = {
				ALWAYS_SEARCH_USER_PATHS = NO;
				CLANG_ANALYZER_NONNULL = YES;
				CLANG_ANALYZER_NUMBER_OBJECT_CONVERSION = YES_AGGRESSIVE;
				CLANG_CXX_LANGUAGE_STANDARD = "gnu++14";
				CLANG_CXX_LIBRARY = "libc++";
				CLANG_ENABLE_MODULES = YES;
				CLANG_ENABLE_OBJC_ARC = YES;
				CLANG_ENABLE_OBJC_WEAK = YES;
				CLANG_WARN_BLOCK_CAPTURE_AUTORELEASING = YES;
				CLANG_WARN_BOOL_CONVERSION = YES;
				CLANG_WARN_COMMA = YES;
				CLANG_WARN_CONSTANT_CONVERSION = YES;
				CLANG_WARN_DEPRECATED_OBJC_IMPLEMENTATIONS = YES;
				CLANG_WARN_DIRECT_OBJC_ISA_USAGE = YES_ERROR;
				CLANG_WARN_DOCUMENTATION_COMMENTS = YES;
				CLANG_WARN_EMPTY_BODY = YES;
				CLANG_WARN_ENUM_CONVERSION = YES;
				CLANG_WARN_INFINITE_RECURSION = YES;
				CLANG_WARN_INT_CONVERSION = YES;
				CLANG_WARN_NON_LITERAL_NULL_CONVERSION = YES;
				CLANG_WARN_OBJC_IMPLICIT_RETAIN_SELF = YES;
				CLANG_WARN_OBJC_LITERAL_CONVERSION = YES;
				CLANG_WARN_OBJC_ROOT_CLASS = YES_ERROR;
				CLANG_WARN_RANGE_LOOP_ANALYSIS = YES;
				CLANG_WARN_STRICT_PROTOTYPES = YES;
				CLANG_WARN_SUSPICIOUS_MOVE = YES;
				CLANG_WARN_UNGUARDED_AVAILABILITY = YES_AGGRESSIVE;
				CLANG_WARN_UNREACHABLE_CODE = YES;
				CLANG_WARN__DUPLICATE_METHOD_MATCH = YES;
				COPY_PHASE_STRIP = NO;
				DEBUG_INFORMATION_FORMAT = "dwarf-with-dsym";
				ENABLE_NS_ASSERTIONS = NO;
				ENABLE_STRICT_OBJC_MSGSEND = YES;
				GCC_C_LANGUAGE_STANDARD = gnu11;
				GCC_NO_COMMON_BLOCKS = YES;
				GCC_WARN_64_TO_32_BIT_CONVERSION = YES;
				GCC_WARN_ABOUT_RETURN_TYPE = YES_ERROR;
				GCC_WARN_UNDECLARED_SELECTOR = YES;
				GCC_WARN_UNINITIALIZED_AUTOS = YES_AGGRESSIVE;
				GCC_WARN_UNUSED_FUNCTION = YES;
				GCC_WARN_UNUSED_VARIABLE = YES;
				IPHONEOS_DEPLOYMENT_TARGET = 12.0;
				MTL_ENABLE_DEBUG_INFO = NO;
				MTL_FAST_MATH = YES;
				SDKROOT = iphoneos;
				SWIFT_COMPILATION_MODE = wholemodule;
				SWIFT_OPTIMIZATION_LEVEL = "-O";
				VALIDATE_PRODUCT = YES;
			};
			name = Release;
		};
		9A90719523FC1C5E0078BD62 /* Debug */ = {
			isa = XCBuildConfiguration;
			buildSettings = {
				ASSETCATALOG_COMPILER_APPICON_NAME = AppIcon;
				CODE_SIGN_STYLE = Automatic;
				DEVELOPMENT_TEAM = 6A83DQ5X88;
				INFOPLIST_FILE = weatherForRonasIT/Info.plist;
				LD_RUNPATH_SEARCH_PATHS = (
					"$(inherited)",
					"@executable_path/Frameworks",
				);
				PRODUCT_BUNDLE_IDENTIFIER = kekId.weatherForRonasIT;
				PRODUCT_NAME = "$(TARGET_NAME)";
				SWIFT_VERSION = 5.0;
				TARGETED_DEVICE_FAMILY = "1,2";
			};
			name = Debug;
		};
		9A90719623FC1C5E0078BD62 /* Release */ = {
			isa = XCBuildConfiguration;
			buildSettings = {
				ASSETCATALOG_COMPILER_APPICON_NAME = AppIcon;
				CODE_SIGN_STYLE = Automatic;
				DEVELOPMENT_TEAM = 6A83DQ5X88;
				INFOPLIST_FILE = weatherForRonasIT/Info.plist;
				LD_RUNPATH_SEARCH_PATHS = (
					"$(inherited)",
					"@executable_path/Frameworks",
				);
				PRODUCT_BUNDLE_IDENTIFIER = kekId.weatherForRonasIT;
				PRODUCT_NAME = "$(TARGET_NAME)";
				SWIFT_VERSION = 5.0;
				TARGETED_DEVICE_FAMILY = "1,2";
			};
			name = Release;
		};
/* End XCBuildConfiguration section */

/* Begin XCConfigurationList section */
		9A90717B23FC1C5D0078BD62 /* Build configuration list for PBXProject "weatherForRonasIT" */ = {
			isa = XCConfigurationList;
			buildConfigurations = (
				9A90719223FC1C5E0078BD62 /* Debug */,
				9A90719323FC1C5E0078BD62 /* Release */,
			);
			defaultConfigurationIsVisible = 0;
			defaultConfigurationName = Release;
		};
		9A90719423FC1C5E0078BD62 /* Build configuration list for PBXNativeTarget "weatherForRonasIT" */ = {
			isa = XCConfigurationList;
			buildConfigurations = (
				9A90719523FC1C5E0078BD62 /* Debug */,
				9A90719623FC1C5E0078BD62 /* Release */,
			);
			defaultConfigurationIsVisible = 0;
			defaultConfigurationName = Release;
		};
/* End XCConfigurationList section */
	};
	rootObject = 9A90717823FC1C5D0078BD62 /* Project object */;
}
